// !$*UTF8*$!
{
	archiveVersion = 1;
	classes = {
	};
	objectVersion = 46;
	objects = {

/* Begin PBXBuildFile section */
		34A822D11928C6FC001B2F6D /* UCViewController.m in Sources */ = {isa = PBXBuildFile; fileRef = 34A822D01928C6FC001B2F6D /* UCViewController.m */; };
		34A83536192B7335001B2F6D /* AudioToolbox.framework in Frameworks */ = {isa = PBXBuildFile; fileRef = 34A82C51192B70B3001B2F6D /* AudioToolbox.framework */; };
		34A83537192B733E001B2F6D /* AVFoundation.framework in Frameworks */ = {isa = PBXBuildFile; fileRef = 34A83534192B72C2001B2F6D /* AVFoundation.framework */; };
		34A83538192B7346001B2F6D /* CFNetwork.framework in Frameworks */ = {isa = PBXBuildFile; fileRef = 34A82C53192B70D2001B2F6D /* CFNetwork.framework */; };
		34A83539192B7351001B2F6D /* CoreGraphics.framework in Frameworks */ = {isa = PBXBuildFile; fileRef = C71B3B5C1926F2D9004A5B86 /* CoreGraphics.framework */; };
		34A8353A192B735C001B2F6D /* CoreMedia.framework in Frameworks */ = {isa = PBXBuildFile; fileRef = 34A82C4F192B7076001B2F6D /* CoreMedia.framework */; };
		34A8353B192B7367001B2F6D /* CoreTelephony.framework in Frameworks */ = {isa = PBXBuildFile; fileRef = 34A822D51928E58A001B2F6D /* CoreTelephony.framework */; };
		34A8353C192B7372001B2F6D /* CoreVideo.framework in Frameworks */ = {isa = PBXBuildFile; fileRef = 34A82C55192B7112001B2F6D /* CoreVideo.framework */; };
		34A8353D192B7382001B2F6D /* Foundation.framework in Frameworks */ = {isa = PBXBuildFile; fileRef = C71B3B5A1926F2D9004A5B86 /* Foundation.framework */; };
		34A8353E192B7391001B2F6D /* libiconv.dylib in Frameworks */ = {isa = PBXBuildFile; fileRef = 34A82C59192B714E001B2F6D /* libiconv.dylib */; };
		34A8353F192B739A001B2F6D /* libz.dylib in Frameworks */ = {isa = PBXBuildFile; fileRef = 34A82C5B192B715B001B2F6D /* libz.dylib */; };
		34A83540192B73A3001B2F6D /* MobileCoreServices.framework in Frameworks */ = {isa = PBXBuildFile; fileRef = 34A82C57192B7126001B2F6D /* MobileCoreServices.framework */; };
		34A83541192B73AD001B2F6D /* Security.framework in Frameworks */ = {isa = PBXBuildFile; fileRef = 34A822D31928E578001B2F6D /* Security.framework */; };
		34A83542192B73BA001B2F6D /* SystemConfiguration.framework in Frameworks */ = {isa = PBXBuildFile; fileRef = 34A822D71928E5A3001B2F6D /* SystemConfiguration.framework */; };
		34A83543192B73C4001B2F6D /* UIKit.framework in Frameworks */ = {isa = PBXBuildFile; fileRef = C71B3B5E1926F2D9004A5B86 /* UIKit.framework */; };
		34A83544192B73D5001B2F6D /* WTLoginSDK.framework in Frameworks */ = {isa = PBXBuildFile; fileRef = 34A822D91928E64E001B2F6D /* WTLoginSDK.framework */; };
		34A843AF192B8383001B2F6D /* CodeViewController.m in Sources */ = {isa = PBXBuildFile; fileRef = 34A843AE192B8383001B2F6D /* CodeViewController.m */; };
		34A84410192DC03C001B2F6D /* libzbar.a in Frameworks */ = {isa = PBXBuildFile; fileRef = 34A8440A192DC03C001B2F6D /* libzbar.a */; };
		34A84411192DC03C001B2F6D /* zbar-back.png in Resources */ = {isa = PBXBuildFile; fileRef = 34A8440C192DC03C001B2F6D /* zbar-back.png */; };
		34A84412192DC03C001B2F6D /* zbar-help.html in Resources */ = {isa = PBXBuildFile; fileRef = 34A8440D192DC03C001B2F6D /* zbar-help.html */; };
		34A84413192DC03C001B2F6D /* zbar-helpicons.png in Resources */ = {isa = PBXBuildFile; fileRef = 34A8440E192DC03C001B2F6D /* zbar-helpicons.png */; };
		34A84414192DC03C001B2F6D /* zbar-samples.png in Resources */ = {isa = PBXBuildFile; fileRef = 34A8440F192DC03C001B2F6D /* zbar-samples.png */; };
		34A844191930741A001B2F6D /* LoginService.m in Sources */ = {isa = PBXBuildFile; fileRef = 34A844181930741A001B2F6D /* LoginService.m */; };
		34A84436193074F2001B2F6D /* AsyncImageView.m in Sources */ = {isa = PBXBuildFile; fileRef = 34A84431193074F2001B2F6D /* AsyncImageView.m */; };
		34A84437193074F2001B2F6D /* LoggerClient.m in Sources */ = {isa = PBXBuildFile; fileRef = 34A84434193074F2001B2F6D /* LoggerClient.m */; };
		34A8443819307955001B2F6D /* libZXingWidget.a in Frameworks */ = {isa = PBXBuildFile; fileRef = 34A83557192B7614001B2F6D /* libZXingWidget.a */; };
		34A8444419308203001B2F6D /* button_bg_gr.png in Resources */ = {isa = PBXBuildFile; fileRef = 34A8443E19308203001B2F6D /* button_bg_gr.png */; };
		34A8444519308203001B2F6D /* login_text_field.png in Resources */ = {isa = PBXBuildFile; fileRef = 34A8443F19308203001B2F6D /* login_text_field.png */; };
		34A8444619308203001B2F6D /* main_bg.png in Resources */ = {isa = PBXBuildFile; fileRef = 34A8444019308203001B2F6D /* main_bg.png */; };
		34A8444719308203001B2F6D /* qqpwd_input.png in Resources */ = {isa = PBXBuildFile; fileRef = 34A8444119308203001B2F6D /* qqpwd_input.png */; };
		34A8444819308203001B2F6D /* register_button.png in Resources */ = {isa = PBXBuildFile; fileRef = 34A8444219308203001B2F6D /* register_button.png */; };
		34A8444919308203001B2F6D /* title.png in Resources */ = {isa = PBXBuildFile; fileRef = 34A8444319308203001B2F6D /* title.png */; };
		34FF9C8D1931CFBF00D21507 /* CaptchaViewController.m in Sources */ = {isa = PBXBuildFile; fileRef = 34FF9C811931CFBF00D21507 /* CaptchaViewController.m */; };
		34FF9C8E1931CFBF00D21507 /* LoginViewController.m in Sources */ = {isa = PBXBuildFile; fileRef = 34FF9C831931CFBF00D21507 /* LoginViewController.m */; };
		34FF9C8F1931CFBF00D21507 /* MainViewController.mm in Sources */ = {isa = PBXBuildFile; fileRef = 34FF9C851931CFBF00D21507 /* MainViewController.mm */; };
		34FF9C901931CFBF00D21507 /* QRCodeInterface.mm in Sources */ = {isa = PBXBuildFile; fileRef = 34FF9C871931CFBF00D21507 /* QRCodeInterface.mm */; };
		34FF9C911931CFBF00D21507 /* QuickLoginStateViewController.m in Sources */ = {isa = PBXBuildFile; fileRef = 34FF9C8A1931CFBF00D21507 /* QuickLoginStateViewController.m */; };
		34FF9C921931CFBF00D21507 /* QuickLoginViewController.m in Sources */ = {isa = PBXBuildFile; fileRef = 34FF9C8C1931CFBF00D21507 /* QuickLoginViewController.m */; };
		C71B3B651926F2D9004A5B86 /* InfoPlist.strings in Resources */ = {isa = PBXBuildFile; fileRef = C71B3B631926F2D9004A5B86 /* InfoPlist.strings */; };
		C71B3B671926F2D9004A5B86 /* main.m in Sources */ = {isa = PBXBuildFile; fileRef = C71B3B661926F2D9004A5B86 /* main.m */; };
		C71B3B6B1926F2D9004A5B86 /* AppDelegate.m in Sources */ = {isa = PBXBuildFile; fileRef = C71B3B6A1926F2D9004A5B86 /* AppDelegate.m */; };
		C71B3B6D1926F2D9004A5B86 /* Images.xcassets in Resources */ = {isa = PBXBuildFile; fileRef = C71B3B6C1926F2D9004A5B86 /* Images.xcassets */; };
		C71B3B751926F2D9004A5B86 /* Foundation.framework in Frameworks */ = {isa = PBXBuildFile; fileRef = C71B3B5A1926F2D9004A5B86 /* Foundation.framework */; };
		C71B3B761926F2D9004A5B86 /* UIKit.framework in Frameworks */ = {isa = PBXBuildFile; fileRef = C71B3B5E1926F2D9004A5B86 /* UIKit.framework */; };
		C71B3B7E1926F2D9004A5B86 /* InfoPlist.strings in Resources */ = {isa = PBXBuildFile; fileRef = C71B3B7C1926F2D9004A5B86 /* InfoPlist.strings */; };
		C71B3B801926F2D9004A5B86 /* butterflyTests.m in Sources */ = {isa = PBXBuildFile; fileRef = C71B3B7F1926F2D9004A5B86 /* butterflyTests.m */; };
		C71B3B8D1926FF7A004A5B86 /* HomeViewController.m in Sources */ = {isa = PBXBuildFile; fileRef = C71B3B8C1926FF7A004A5B86 /* HomeViewController.m */; };
		C7382E331927551200A6AD16 /* tab_bar.json in Resources */ = {isa = PBXBuildFile; fileRef = C7382E321927551200A6AD16 /* tab_bar.json */; };
		C7382E35192761E400A6AD16 /* tabbar_bg.png in Resources */ = {isa = PBXBuildFile; fileRef = C7382E34192761E400A6AD16 /* tabbar_bg.png */; };
		C7382E3E192768E600A6AD16 /* map.png in Resources */ = {isa = PBXBuildFile; fileRef = C7382E36192768E600A6AD16 /* map.png */; };
		C7382E3F192768E600A6AD16 /* map@2x.png in Resources */ = {isa = PBXBuildFile; fileRef = C7382E37192768E600A6AD16 /* map@2x.png */; };
		C7382E40192768E600A6AD16 /* me.png in Resources */ = {isa = PBXBuildFile; fileRef = C7382E38192768E600A6AD16 /* me.png */; };
		C7382E41192768E600A6AD16 /* me@2x.png in Resources */ = {isa = PBXBuildFile; fileRef = C7382E39192768E600A6AD16 /* me@2x.png */; };
		C7382E42192768E600A6AD16 /* msg.png in Resources */ = {isa = PBXBuildFile; fileRef = C7382E3A192768E600A6AD16 /* msg.png */; };
		C7382E43192768E600A6AD16 /* msg@2x.png in Resources */ = {isa = PBXBuildFile; fileRef = C7382E3B192768E600A6AD16 /* msg@2x.png */; };
		C7382E44192768E600A6AD16 /* pen.png in Resources */ = {isa = PBXBuildFile; fileRef = C7382E3C192768E600A6AD16 /* pen.png */; };
		C7382E45192768E600A6AD16 /* pen@2x.png in Resources */ = {isa = PBXBuildFile; fileRef = C7382E3D192768E600A6AD16 /* pen@2x.png */; };
		C7382E4E19276B5300A6AD16 /* map_gray.png in Resources */ = {isa = PBXBuildFile; fileRef = C7382E4619276B5300A6AD16 /* map_gray.png */; };
		C7382E4F19276B5300A6AD16 /* map_gray@2x.png in Resources */ = {isa = PBXBuildFile; fileRef = C7382E4719276B5300A6AD16 /* map_gray@2x.png */; };
		C7382E5019276B5300A6AD16 /* me_gray.png in Resources */ = {isa = PBXBuildFile; fileRef = C7382E4819276B5300A6AD16 /* me_gray.png */; };
		C7382E5119276B5300A6AD16 /* me_gray@2x.png in Resources */ = {isa = PBXBuildFile; fileRef = C7382E4919276B5300A6AD16 /* me_gray@2x.png */; };
		C7382E5219276B5300A6AD16 /* msg_gray.png in Resources */ = {isa = PBXBuildFile; fileRef = C7382E4A19276B5300A6AD16 /* msg_gray.png */; };
		C7382E5319276B5300A6AD16 /* msg_gray@2x.png in Resources */ = {isa = PBXBuildFile; fileRef = C7382E4B19276B5300A6AD16 /* msg_gray@2x.png */; };
		C7382E5419276B5300A6AD16 /* pen_gray.png in Resources */ = {isa = PBXBuildFile; fileRef = C7382E4C19276B5300A6AD16 /* pen_gray.png */; };
		C7382E5519276B5300A6AD16 /* pen_gray@2x.png in Resources */ = {isa = PBXBuildFile; fileRef = C7382E4D19276B5300A6AD16 /* pen_gray@2x.png */; };
		C7382E5819276B6000A6AD16 /* tabbar_bg.png in Resources */ = {isa = PBXBuildFile; fileRef = C7382E5619276B6000A6AD16 /* tabbar_bg.png */; };
		C7382E5919276B6000A6AD16 /* tabbar_bg@2x.png in Resources */ = {isa = PBXBuildFile; fileRef = C7382E5719276B6000A6AD16 /* tabbar_bg@2x.png */; };
/* End PBXBuildFile section */

/* Begin PBXContainerItemProxy section */
		34A83556192B7614001B2F6D /* PBXContainerItemProxy */ = {
			isa = PBXContainerItemProxy;
			containerPortal = 34A83551192B7614001B2F6D /* ZXingWidget.xcodeproj */;
			proxyType = 2;
			remoteGlobalIDString = D2AAC07E0554694100DB518D;
			remoteInfo = ZXingWidget;
		};
		34A83558192B7614001B2F6D /* PBXContainerItemProxy */ = {
			isa = PBXContainerItemProxy;
			containerPortal = 34A83551192B7614001B2F6D /* ZXingWidget.xcodeproj */;
			proxyType = 2;
			remoteGlobalIDString = 1D60398D13DF7CAD006F4B51;
			remoteInfo = ZXingTests;
		};
		34A844391930796F001B2F6D /* PBXContainerItemProxy */ = {
			isa = PBXContainerItemProxy;
			containerPortal = 34A83551192B7614001B2F6D /* ZXingWidget.xcodeproj */;
			proxyType = 1;
			remoteGlobalIDString = D2AAC07D0554694100DB518D;
			remoteInfo = ZXingWidget;
		};
		C71B3B771926F2D9004A5B86 /* PBXContainerItemProxy */ = {
			isa = PBXContainerItemProxy;
			containerPortal = C71B3B4F1926F2D9004A5B86 /* Project object */;
			proxyType = 1;
			remoteGlobalIDString = C71B3B561926F2D9004A5B86;
			remoteInfo = butterfly;
		};
/* End PBXContainerItemProxy section */

/* Begin PBXFileReference section */
		34A822CF1928C6FC001B2F6D /* UCViewController.h */ = {isa = PBXFileReference; fileEncoding = 4; lastKnownFileType = sourcecode.c.h; path = UCViewController.h; sourceTree = "<group>"; };
		34A822D01928C6FC001B2F6D /* UCViewController.m */ = {isa = PBXFileReference; fileEncoding = 4; lastKnownFileType = sourcecode.c.objc; path = UCViewController.m; sourceTree = "<group>"; };
		34A822D31928E578001B2F6D /* Security.framework */ = {isa = PBXFileReference; lastKnownFileType = wrapper.framework; name = Security.framework; path = System/Library/Frameworks/Security.framework; sourceTree = SDKROOT; };
		34A822D51928E58A001B2F6D /* CoreTelephony.framework */ = {isa = PBXFileReference; lastKnownFileType = wrapper.framework; name = CoreTelephony.framework; path = System/Library/Frameworks/CoreTelephony.framework; sourceTree = SDKROOT; };
		34A822D71928E5A3001B2F6D /* SystemConfiguration.framework */ = {isa = PBXFileReference; lastKnownFileType = wrapper.framework; name = SystemConfiguration.framework; path = System/Library/Frameworks/SystemConfiguration.framework; sourceTree = SDKROOT; };
		34A822D91928E64E001B2F6D /* WTLoginSDK.framework */ = {isa = PBXFileReference; lastKnownFileType = wrapper.framework; path = WTLoginSDK.framework; sourceTree = "<group>"; };
		34A82C4F192B7076001B2F6D /* CoreMedia.framework */ = {isa = PBXFileReference; lastKnownFileType = wrapper.framework; name = CoreMedia.framework; path = System/Library/Frameworks/CoreMedia.framework; sourceTree = SDKROOT; };
		34A82C51192B70B3001B2F6D /* AudioToolbox.framework */ = {isa = PBXFileReference; lastKnownFileType = wrapper.framework; name = AudioToolbox.framework; path = System/Library/Frameworks/AudioToolbox.framework; sourceTree = SDKROOT; };
		34A82C53192B70D2001B2F6D /* CFNetwork.framework */ = {isa = PBXFileReference; lastKnownFileType = wrapper.framework; name = CFNetwork.framework; path = System/Library/Frameworks/CFNetwork.framework; sourceTree = SDKROOT; };
		34A82C55192B7112001B2F6D /* CoreVideo.framework */ = {isa = PBXFileReference; lastKnownFileType = wrapper.framework; name = CoreVideo.framework; path = System/Library/Frameworks/CoreVideo.framework; sourceTree = SDKROOT; };
		34A82C57192B7126001B2F6D /* MobileCoreServices.framework */ = {isa = PBXFileReference; lastKnownFileType = wrapper.framework; name = MobileCoreServices.framework; path = System/Library/Frameworks/MobileCoreServices.framework; sourceTree = SDKROOT; };
		34A82C59192B714E001B2F6D /* libiconv.dylib */ = {isa = PBXFileReference; lastKnownFileType = "compiled.mach-o.dylib"; name = libiconv.dylib; path = usr/lib/libiconv.dylib; sourceTree = SDKROOT; };
		34A82C5B192B715B001B2F6D /* libz.dylib */ = {isa = PBXFileReference; lastKnownFileType = "compiled.mach-o.dylib"; name = libz.dylib; path = usr/lib/libz.dylib; sourceTree = SDKROOT; };
		34A83534192B72C2001B2F6D /* AVFoundation.framework */ = {isa = PBXFileReference; lastKnownFileType = wrapper.framework; name = AVFoundation.framework; path = System/Library/Frameworks/AVFoundation.framework; sourceTree = SDKROOT; };
		34A83551192B7614001B2F6D /* ZXingWidget.xcodeproj */ = {isa = PBXFileReference; lastKnownFileType = "wrapper.pb-project"; name = ZXingWidget.xcodeproj; path = "zxing-2.0/iphone/ZXingWidget/ZXingWidget.xcodeproj"; sourceTree = "<group>"; };
		34A843AD192B8383001B2F6D /* CodeViewController.h */ = {isa = PBXFileReference; fileEncoding = 4; lastKnownFileType = sourcecode.c.h; path = CodeViewController.h; sourceTree = "<group>"; };
		34A843AE192B8383001B2F6D /* CodeViewController.m */ = {isa = PBXFileReference; fileEncoding = 4; lastKnownFileType = sourcecode.c.objc; path = CodeViewController.m; sourceTree = "<group>"; };
		34A843F6192DC03C001B2F6D /* Decoder.h */ = {isa = PBXFileReference; fileEncoding = 4; lastKnownFileType = sourcecode.c.h; path = Decoder.h; sourceTree = "<group>"; };
		34A843F7192DC03C001B2F6D /* Exception.h */ = {isa = PBXFileReference; fileEncoding = 4; lastKnownFileType = sourcecode.c.h; path = Exception.h; sourceTree = "<group>"; };
		34A843F8192DC03C001B2F6D /* Image.h */ = {isa = PBXFileReference; fileEncoding = 4; lastKnownFileType = sourcecode.c.h; path = Image.h; sourceTree = "<group>"; };
		34A843F9192DC03C001B2F6D /* ImageScanner.h */ = {isa = PBXFileReference; fileEncoding = 4; lastKnownFileType = sourcecode.c.h; path = ImageScanner.h; sourceTree = "<group>"; };
		34A843FA192DC03C001B2F6D /* Processor.h */ = {isa = PBXFileReference; fileEncoding = 4; lastKnownFileType = sourcecode.c.h; path = Processor.h; sourceTree = "<group>"; };
		34A843FB192DC03C001B2F6D /* Scanner.h */ = {isa = PBXFileReference; fileEncoding = 4; lastKnownFileType = sourcecode.c.h; path = Scanner.h; sourceTree = "<group>"; };
		34A843FC192DC03C001B2F6D /* Symbol.h */ = {isa = PBXFileReference; fileEncoding = 4; lastKnownFileType = sourcecode.c.h; path = Symbol.h; sourceTree = "<group>"; };
		34A843FD192DC03C001B2F6D /* Video.h */ = {isa = PBXFileReference; fileEncoding = 4; lastKnownFileType = sourcecode.c.h; path = Video.h; sourceTree = "<group>"; };
		34A843FE192DC03C001B2F6D /* Window.h */ = {isa = PBXFileReference; fileEncoding = 4; lastKnownFileType = sourcecode.c.h; path = Window.h; sourceTree = "<group>"; };
		34A843FF192DC03C001B2F6D /* zbar.h */ = {isa = PBXFileReference; fileEncoding = 4; lastKnownFileType = sourcecode.c.h; path = zbar.h; sourceTree = "<group>"; };
		34A84400192DC03C001B2F6D /* ZBarCameraSimulator.h */ = {isa = PBXFileReference; fileEncoding = 4; lastKnownFileType = sourcecode.c.h; path = ZBarCameraSimulator.h; sourceTree = "<group>"; };
		34A84401192DC03C001B2F6D /* ZBarCaptureReader.h */ = {isa = PBXFileReference; fileEncoding = 4; lastKnownFileType = sourcecode.c.h; path = ZBarCaptureReader.h; sourceTree = "<group>"; };
		34A84402192DC03C001B2F6D /* ZBarHelpController.h */ = {isa = PBXFileReference; fileEncoding = 4; lastKnownFileType = sourcecode.c.h; path = ZBarHelpController.h; sourceTree = "<group>"; };
		34A84403192DC03C001B2F6D /* ZBarImage.h */ = {isa = PBXFileReference; fileEncoding = 4; lastKnownFileType = sourcecode.c.h; path = ZBarImage.h; sourceTree = "<group>"; };
		34A84404192DC03C001B2F6D /* ZBarImageScanner.h */ = {isa = PBXFileReference; fileEncoding = 4; lastKnownFileType = sourcecode.c.h; path = ZBarImageScanner.h; sourceTree = "<group>"; };
		34A84405192DC03C001B2F6D /* ZBarReaderController.h */ = {isa = PBXFileReference; fileEncoding = 4; lastKnownFileType = sourcecode.c.h; path = ZBarReaderController.h; sourceTree = "<group>"; };
		34A84406192DC03C001B2F6D /* ZBarReaderView.h */ = {isa = PBXFileReference; fileEncoding = 4; lastKnownFileType = sourcecode.c.h; path = ZBarReaderView.h; sourceTree = "<group>"; };
		34A84407192DC03C001B2F6D /* ZBarReaderViewController.h */ = {isa = PBXFileReference; fileEncoding = 4; lastKnownFileType = sourcecode.c.h; path = ZBarReaderViewController.h; sourceTree = "<group>"; };
		34A84408192DC03C001B2F6D /* ZBarSDK.h */ = {isa = PBXFileReference; fileEncoding = 4; lastKnownFileType = sourcecode.c.h; path = ZBarSDK.h; sourceTree = "<group>"; };
		34A84409192DC03C001B2F6D /* ZBarSymbol.h */ = {isa = PBXFileReference; fileEncoding = 4; lastKnownFileType = sourcecode.c.h; path = ZBarSymbol.h; sourceTree = "<group>"; };
		34A8440A192DC03C001B2F6D /* libzbar.a */ = {isa = PBXFileReference; lastKnownFileType = archive.ar; path = libzbar.a; sourceTree = "<group>"; };
		34A8440C192DC03C001B2F6D /* zbar-back.png */ = {isa = PBXFileReference; lastKnownFileType = image.png; path = "zbar-back.png"; sourceTree = "<group>"; };
		34A8440D192DC03C001B2F6D /* zbar-help.html */ = {isa = PBXFileReference; fileEncoding = 4; lastKnownFileType = text.html; path = "zbar-help.html"; sourceTree = "<group>"; };
		34A8440E192DC03C001B2F6D /* zbar-helpicons.png */ = {isa = PBXFileReference; lastKnownFileType = image.png; path = "zbar-helpicons.png"; sourceTree = "<group>"; };
		34A8440F192DC03C001B2F6D /* zbar-samples.png */ = {isa = PBXFileReference; lastKnownFileType = image.png; path = "zbar-samples.png"; sourceTree = "<group>"; };
		34A844171930741A001B2F6D /* LoginService.h */ = {isa = PBXFileReference; fileEncoding = 4; lastKnownFileType = sourcecode.c.h; path = LoginService.h; sourceTree = "<group>"; };
		34A844181930741A001B2F6D /* LoginService.m */ = {isa = PBXFileReference; fileEncoding = 4; lastKnownFileType = sourcecode.c.objc; path = LoginService.m; sourceTree = "<group>"; };
		34A84430193074F2001B2F6D /* AsyncImageView.h */ = {isa = PBXFileReference; fileEncoding = 4; lastKnownFileType = sourcecode.c.h; path = AsyncImageView.h; sourceTree = "<group>"; };
		34A84431193074F2001B2F6D /* AsyncImageView.m */ = {isa = PBXFileReference; fileEncoding = 4; lastKnownFileType = sourcecode.c.objc; path = AsyncImageView.m; sourceTree = "<group>"; };
		34A84433193074F2001B2F6D /* LoggerClient.h */ = {isa = PBXFileReference; fileEncoding = 4; lastKnownFileType = sourcecode.c.h; path = LoggerClient.h; sourceTree = "<group>"; };
		34A84434193074F2001B2F6D /* LoggerClient.m */ = {isa = PBXFileReference; fileEncoding = 4; lastKnownFileType = sourcecode.c.objc; path = LoggerClient.m; sourceTree = "<group>"; };
		34A84435193074F2001B2F6D /* LoggerCommon.h */ = {isa = PBXFileReference; fileEncoding = 4; lastKnownFileType = sourcecode.c.h; path = LoggerCommon.h; sourceTree = "<group>"; };
		34A8443E19308203001B2F6D /* button_bg_gr.png */ = {isa = PBXFileReference; lastKnownFileType = image.png; path = button_bg_gr.png; sourceTree = "<group>"; };
		34A8443F19308203001B2F6D /* login_text_field.png */ = {isa = PBXFileReference; lastKnownFileType = image.png; path = login_text_field.png; sourceTree = "<group>"; };
		34A8444019308203001B2F6D /* main_bg.png */ = {isa = PBXFileReference; lastKnownFileType = image.png; path = main_bg.png; sourceTree = "<group>"; };
		34A8444119308203001B2F6D /* qqpwd_input.png */ = {isa = PBXFileReference; lastKnownFileType = image.png; path = qqpwd_input.png; sourceTree = "<group>"; };
		34A8444219308203001B2F6D /* register_button.png */ = {isa = PBXFileReference; lastKnownFileType = image.png; path = register_button.png; sourceTree = "<group>"; };
		34A8444319308203001B2F6D /* title.png */ = {isa = PBXFileReference; lastKnownFileType = image.png; path = title.png; sourceTree = "<group>"; };
		34FF9C801931CFBF00D21507 /* CaptchaViewController.h */ = {isa = PBXFileReference; fileEncoding = 4; lastKnownFileType = sourcecode.c.h; path = CaptchaViewController.h; sourceTree = "<group>"; };
		34FF9C811931CFBF00D21507 /* CaptchaViewController.m */ = {isa = PBXFileReference; fileEncoding = 4; lastKnownFileType = sourcecode.c.objc; path = CaptchaViewController.m; sourceTree = "<group>"; };
		34FF9C821931CFBF00D21507 /* LoginViewController.h */ = {isa = PBXFileReference; fileEncoding = 4; lastKnownFileType = sourcecode.c.h; path = LoginViewController.h; sourceTree = "<group>"; };
		34FF9C831931CFBF00D21507 /* LoginViewController.m */ = {isa = PBXFileReference; fileEncoding = 4; lastKnownFileType = sourcecode.c.objc; path = LoginViewController.m; sourceTree = "<group>"; };
		34FF9C841931CFBF00D21507 /* MainViewController.h */ = {isa = PBXFileReference; fileEncoding = 4; lastKnownFileType = sourcecode.c.h; path = MainViewController.h; sourceTree = "<group>"; };
		34FF9C851931CFBF00D21507 /* MainViewController.mm */ = {isa = PBXFileReference; fileEncoding = 4; lastKnownFileType = sourcecode.cpp.objcpp; path = MainViewController.mm; sourceTree = "<group>"; };
		34FF9C861931CFBF00D21507 /* QRCodeInterface.h */ = {isa = PBXFileReference; fileEncoding = 4; lastKnownFileType = sourcecode.c.h; path = QRCodeInterface.h; sourceTree = "<group>"; };
		34FF9C871931CFBF00D21507 /* QRCodeInterface.mm */ = {isa = PBXFileReference; fileEncoding = 4; lastKnownFileType = sourcecode.cpp.objcpp; path = QRCodeInterface.mm; sourceTree = "<group>"; };
		34FF9C881931CFBF00D21507 /* QRCodeInterfaceProtocol.h */ = {isa = PBXFileReference; fileEncoding = 4; lastKnownFileType = sourcecode.c.h; path = QRCodeInterfaceProtocol.h; sourceTree = "<group>"; };
		34FF9C891931CFBF00D21507 /* QuickLoginStateViewController.h */ = {isa = PBXFileReference; fileEncoding = 4; lastKnownFileType = sourcecode.c.h; path = QuickLoginStateViewController.h; sourceTree = "<group>"; };
		34FF9C8A1931CFBF00D21507 /* QuickLoginStateViewController.m */ = {isa = PBXFileReference; fileEncoding = 4; lastKnownFileType = sourcecode.c.objc; path = QuickLoginStateViewController.m; sourceTree = "<group>"; };
		34FF9C8B1931CFBF00D21507 /* QuickLoginViewController.h */ = {isa = PBXFileReference; fileEncoding = 4; lastKnownFileType = sourcecode.c.h; path = QuickLoginViewController.h; sourceTree = "<group>"; };
		34FF9C8C1931CFBF00D21507 /* QuickLoginViewController.m */ = {isa = PBXFileReference; fileEncoding = 4; lastKnownFileType = sourcecode.c.objc; path = QuickLoginViewController.m; sourceTree = "<group>"; };
		C71B3B571926F2D9004A5B86 /* butterfly.app */ = {isa = PBXFileReference; explicitFileType = wrapper.application; includeInIndex = 0; path = butterfly.app; sourceTree = BUILT_PRODUCTS_DIR; };
		C71B3B5A1926F2D9004A5B86 /* Foundation.framework */ = {isa = PBXFileReference; lastKnownFileType = wrapper.framework; name = Foundation.framework; path = System/Library/Frameworks/Foundation.framework; sourceTree = SDKROOT; };
		C71B3B5C1926F2D9004A5B86 /* CoreGraphics.framework */ = {isa = PBXFileReference; lastKnownFileType = wrapper.framework; name = CoreGraphics.framework; path = System/Library/Frameworks/CoreGraphics.framework; sourceTree = SDKROOT; };
		C71B3B5E1926F2D9004A5B86 /* UIKit.framework */ = {isa = PBXFileReference; lastKnownFileType = wrapper.framework; name = UIKit.framework; path = System/Library/Frameworks/UIKit.framework; sourceTree = SDKROOT; };
		C71B3B621926F2D9004A5B86 /* butterfly-Info.plist */ = {isa = PBXFileReference; lastKnownFileType = text.plist.xml; path = "butterfly-Info.plist"; sourceTree = "<group>"; };
		C71B3B641926F2D9004A5B86 /* en */ = {isa = PBXFileReference; lastKnownFileType = text.plist.strings; name = en; path = en.lproj/InfoPlist.strings; sourceTree = "<group>"; };
		C71B3B661926F2D9004A5B86 /* main.m */ = {isa = PBXFileReference; lastKnownFileType = sourcecode.c.objc; path = main.m; sourceTree = "<group>"; };
		C71B3B681926F2D9004A5B86 /* butterfly-Prefix.pch */ = {isa = PBXFileReference; lastKnownFileType = sourcecode.c.h; path = "butterfly-Prefix.pch"; sourceTree = "<group>"; };
		C71B3B691926F2D9004A5B86 /* AppDelegate.h */ = {isa = PBXFileReference; lastKnownFileType = sourcecode.c.h; path = AppDelegate.h; sourceTree = "<group>"; };
		C71B3B6A1926F2D9004A5B86 /* AppDelegate.m */ = {isa = PBXFileReference; lastKnownFileType = sourcecode.c.objc; path = AppDelegate.m; sourceTree = "<group>"; };
		C71B3B6C1926F2D9004A5B86 /* Images.xcassets */ = {isa = PBXFileReference; lastKnownFileType = folder.assetcatalog; path = Images.xcassets; sourceTree = "<group>"; };
		C71B3B721926F2D9004A5B86 /* butterflyTests.xctest */ = {isa = PBXFileReference; explicitFileType = wrapper.cfbundle; includeInIndex = 0; path = butterflyTests.xctest; sourceTree = BUILT_PRODUCTS_DIR; };
		C71B3B7B1926F2D9004A5B86 /* butterflyTests-Info.plist */ = {isa = PBXFileReference; lastKnownFileType = text.plist.xml; path = "butterflyTests-Info.plist"; sourceTree = "<group>"; };
		C71B3B7D1926F2D9004A5B86 /* en */ = {isa = PBXFileReference; lastKnownFileType = text.plist.strings; name = en; path = en.lproj/InfoPlist.strings; sourceTree = "<group>"; };
		C71B3B7F1926F2D9004A5B86 /* butterflyTests.m */ = {isa = PBXFileReference; lastKnownFileType = sourcecode.c.objc; path = butterflyTests.m; sourceTree = "<group>"; };
		C71B3B8B1926FF7A004A5B86 /* HomeViewController.h */ = {isa = PBXFileReference; fileEncoding = 4; lastKnownFileType = sourcecode.c.h; path = HomeViewController.h; sourceTree = "<group>"; };
		C71B3B8C1926FF7A004A5B86 /* HomeViewController.m */ = {isa = PBXFileReference; fileEncoding = 4; lastKnownFileType = sourcecode.c.objc; path = HomeViewController.m; sourceTree = "<group>"; };
		C7382E321927551200A6AD16 /* tab_bar.json */ = {isa = PBXFileReference; fileEncoding = 4; lastKnownFileType = text.json; path = tab_bar.json; sourceTree = "<group>"; };
		C7382E34192761E400A6AD16 /* tabbar_bg.png */ = {isa = PBXFileReference; lastKnownFileType = image.png; path = tabbar_bg.png; sourceTree = "<group>"; };
		C7382E36192768E600A6AD16 /* map.png */ = {isa = PBXFileReference; lastKnownFileType = image.png; path = map.png; sourceTree = "<group>"; };
		C7382E37192768E600A6AD16 /* map@2x.png */ = {isa = PBXFileReference; lastKnownFileType = image.png; path = "map@2x.png"; sourceTree = "<group>"; };
		C7382E38192768E600A6AD16 /* me.png */ = {isa = PBXFileReference; lastKnownFileType = image.png; path = me.png; sourceTree = "<group>"; };
		C7382E39192768E600A6AD16 /* me@2x.png */ = {isa = PBXFileReference; lastKnownFileType = image.png; path = "me@2x.png"; sourceTree = "<group>"; };
		C7382E3A192768E600A6AD16 /* msg.png */ = {isa = PBXFileReference; lastKnownFileType = image.png; path = msg.png; sourceTree = "<group>"; };
		C7382E3B192768E600A6AD16 /* msg@2x.png */ = {isa = PBXFileReference; lastKnownFileType = image.png; path = "msg@2x.png"; sourceTree = "<group>"; };
		C7382E3C192768E600A6AD16 /* pen.png */ = {isa = PBXFileReference; lastKnownFileType = image.png; path = pen.png; sourceTree = "<group>"; };
		C7382E3D192768E600A6AD16 /* pen@2x.png */ = {isa = PBXFileReference; lastKnownFileType = image.png; path = "pen@2x.png"; sourceTree = "<group>"; };
		C7382E4619276B5300A6AD16 /* map_gray.png */ = {isa = PBXFileReference; lastKnownFileType = image.png; path = map_gray.png; sourceTree = "<group>"; };
		C7382E4719276B5300A6AD16 /* map_gray@2x.png */ = {isa = PBXFileReference; lastKnownFileType = image.png; path = "map_gray@2x.png"; sourceTree = "<group>"; };
		C7382E4819276B5300A6AD16 /* me_gray.png */ = {isa = PBXFileReference; lastKnownFileType = image.png; path = me_gray.png; sourceTree = "<group>"; };
		C7382E4919276B5300A6AD16 /* me_gray@2x.png */ = {isa = PBXFileReference; lastKnownFileType = image.png; path = "me_gray@2x.png"; sourceTree = "<group>"; };
		C7382E4A19276B5300A6AD16 /* msg_gray.png */ = {isa = PBXFileReference; lastKnownFileType = image.png; path = msg_gray.png; sourceTree = "<group>"; };
		C7382E4B19276B5300A6AD16 /* msg_gray@2x.png */ = {isa = PBXFileReference; lastKnownFileType = image.png; path = "msg_gray@2x.png"; sourceTree = "<group>"; };
		C7382E4C19276B5300A6AD16 /* pen_gray.png */ = {isa = PBXFileReference; lastKnownFileType = image.png; path = pen_gray.png; sourceTree = "<group>"; };
		C7382E4D19276B5300A6AD16 /* pen_gray@2x.png */ = {isa = PBXFileReference; lastKnownFileType = image.png; path = "pen_gray@2x.png"; sourceTree = "<group>"; };
		C7382E5619276B6000A6AD16 /* tabbar_bg.png */ = {isa = PBXFileReference; lastKnownFileType = image.png; path = tabbar_bg.png; sourceTree = "<group>"; };
		C7382E5719276B6000A6AD16 /* tabbar_bg@2x.png */ = {isa = PBXFileReference; lastKnownFileType = image.png; path = "tabbar_bg@2x.png"; sourceTree = "<group>"; };
/* End PBXFileReference section */

/* Begin PBXFrameworksBuildPhase section */
		C71B3B541926F2D9004A5B86 /* Frameworks */ = {
			isa = PBXFrameworksBuildPhase;
			buildActionMask = 2147483647;
			files = (
				34A8443819307955001B2F6D /* libZXingWidget.a in Frameworks */,
				34A83544192B73D5001B2F6D /* WTLoginSDK.framework in Frameworks */,
				34A83543192B73C4001B2F6D /* UIKit.framework in Frameworks */,
				34A83542192B73BA001B2F6D /* SystemConfiguration.framework in Frameworks */,
				34A83541192B73AD001B2F6D /* Security.framework in Frameworks */,
				34A83540192B73A3001B2F6D /* MobileCoreServices.framework in Frameworks */,
				34A8353F192B739A001B2F6D /* libz.dylib in Frameworks */,
				34A8353E192B7391001B2F6D /* libiconv.dylib in Frameworks */,
				34A8353D192B7382001B2F6D /* Foundation.framework in Frameworks */,
				34A8353C192B7372001B2F6D /* CoreVideo.framework in Frameworks */,
				34A8353B192B7367001B2F6D /* CoreTelephony.framework in Frameworks */,
				34A8353A192B735C001B2F6D /* CoreMedia.framework in Frameworks */,
				34A83539192B7351001B2F6D /* CoreGraphics.framework in Frameworks */,
				34A83538192B7346001B2F6D /* CFNetwork.framework in Frameworks */,
				34A83537192B733E001B2F6D /* AVFoundation.framework in Frameworks */,
				34A84410192DC03C001B2F6D /* libzbar.a in Frameworks */,
				34A83536192B7335001B2F6D /* AudioToolbox.framework in Frameworks */,
			);
			runOnlyForDeploymentPostprocessing = 0;
		};
		C71B3B6F1926F2D9004A5B86 /* Frameworks */ = {
			isa = PBXFrameworksBuildPhase;
			buildActionMask = 2147483647;
			files = (
				C71B3B761926F2D9004A5B86 /* UIKit.framework in Frameworks */,
				C71B3B751926F2D9004A5B86 /* Foundation.framework in Frameworks */,
			);
			runOnlyForDeploymentPostprocessing = 0;
		};
/* End PBXFrameworksBuildPhase section */

/* Begin PBXGroup section */
		34A83552192B7614001B2F6D /* Products */ = {
			isa = PBXGroup;
			children = (
				34A83557192B7614001B2F6D /* libZXingWidget.a */,
				34A83559192B7614001B2F6D /* ZXingTests.octest */,
			);
			name = Products;
			sourceTree = "<group>";
		};
		34A843F2192DC03C001B2F6D /* ZBarSDK */ = {
			isa = PBXGroup;
			children = (
				34A843F3192DC03C001B2F6D /* Headers */,
				34A8440A192DC03C001B2F6D /* libzbar.a */,
				34A8440B192DC03C001B2F6D /* Resources */,
			);
			path = ZBarSDK;
			sourceTree = "<group>";
		};
		34A843F3192DC03C001B2F6D /* Headers */ = {
			isa = PBXGroup;
			children = (
				34A843F4192DC03C001B2F6D /* ZBarSDK */,
			);
			path = Headers;
			sourceTree = "<group>";
		};
		34A843F4192DC03C001B2F6D /* ZBarSDK */ = {
			isa = PBXGroup;
			children = (
				34A843F5192DC03C001B2F6D /* zbar */,
				34A843FF192DC03C001B2F6D /* zbar.h */,
				34A84400192DC03C001B2F6D /* ZBarCameraSimulator.h */,
				34A84401192DC03C001B2F6D /* ZBarCaptureReader.h */,
				34A84402192DC03C001B2F6D /* ZBarHelpController.h */,
				34A84403192DC03C001B2F6D /* ZBarImage.h */,
				34A84404192DC03C001B2F6D /* ZBarImageScanner.h */,
				34A84405192DC03C001B2F6D /* ZBarReaderController.h */,
				34A84406192DC03C001B2F6D /* ZBarReaderView.h */,
				34A84407192DC03C001B2F6D /* ZBarReaderViewController.h */,
				34A84408192DC03C001B2F6D /* ZBarSDK.h */,
				34A84409192DC03C001B2F6D /* ZBarSymbol.h */,
			);
			path = ZBarSDK;
			sourceTree = "<group>";
		};
		34A843F5192DC03C001B2F6D /* zbar */ = {
			isa = PBXGroup;
			children = (
				34A843F6192DC03C001B2F6D /* Decoder.h */,
				34A843F7192DC03C001B2F6D /* Exception.h */,
				34A843F8192DC03C001B2F6D /* Image.h */,
				34A843F9192DC03C001B2F6D /* ImageScanner.h */,
				34A843FA192DC03C001B2F6D /* Processor.h */,
				34A843FB192DC03C001B2F6D /* Scanner.h */,
				34A843FC192DC03C001B2F6D /* Symbol.h */,
				34A843FD192DC03C001B2F6D /* Video.h */,
				34A843FE192DC03C001B2F6D /* Window.h */,
			);
			path = zbar;
			sourceTree = "<group>";
		};
		34A8440B192DC03C001B2F6D /* Resources */ = {
			isa = PBXGroup;
			children = (
				34A8440C192DC03C001B2F6D /* zbar-back.png */,
				34A8440D192DC03C001B2F6D /* zbar-help.html */,
				34A8440E192DC03C001B2F6D /* zbar-helpicons.png */,
				34A8440F192DC03C001B2F6D /* zbar-samples.png */,
			);
			path = Resources;
			sourceTree = "<group>";
		};
		34A844161930741A001B2F6D /* Logic */ = {
			isa = PBXGroup;
			children = (
				34A844171930741A001B2F6D /* LoginService.h */,
				34A844181930741A001B2F6D /* LoginService.m */,
			);
			path = Logic;
			sourceTree = "<group>";
		};
		34A8442E193074F2001B2F6D /* Common */ = {
			isa = PBXGroup;
			children = (
				34A8442F193074F2001B2F6D /* AsyncImageView */,
				34A84432193074F2001B2F6D /* nslogger */,
			);
			path = Common;
			sourceTree = "<group>";
		};
		34A8442F193074F2001B2F6D /* AsyncImageView */ = {
			isa = PBXGroup;
			children = (
				34A84430193074F2001B2F6D /* AsyncImageView.h */,
				34A84431193074F2001B2F6D /* AsyncImageView.m */,
			);
			path = AsyncImageView;
			sourceTree = "<group>";
		};
		34A84432193074F2001B2F6D /* nslogger */ = {
			isa = PBXGroup;
			children = (
				34A84433193074F2001B2F6D /* LoggerClient.h */,
				34A84434193074F2001B2F6D /* LoggerClient.m */,
				34A84435193074F2001B2F6D /* LoggerCommon.h */,
			);
			path = nslogger;
			sourceTree = "<group>";
		};
		34A8443D19308203001B2F6D /* LoginViewContrller */ = {
			isa = PBXGroup;
			children = (
				34A8443E19308203001B2F6D /* button_bg_gr.png */,
				34A8443F19308203001B2F6D /* login_text_field.png */,
				34A8444019308203001B2F6D /* main_bg.png */,
				34A8444119308203001B2F6D /* qqpwd_input.png */,
				34A8444219308203001B2F6D /* register_button.png */,
				34A8444319308203001B2F6D /* title.png */,
			);
			path = LoginViewContrller;
			sourceTree = "<group>";
		};
		34FF9C7F1931CFBF00D21507 /* view */ = {
			isa = PBXGroup;
			children = (
				34FF9C801931CFBF00D21507 /* CaptchaViewController.h */,
				34FF9C811931CFBF00D21507 /* CaptchaViewController.m */,
				34FF9C821931CFBF00D21507 /* LoginViewController.h */,
				34FF9C831931CFBF00D21507 /* LoginViewController.m */,
				34FF9C841931CFBF00D21507 /* MainViewController.h */,
				34FF9C851931CFBF00D21507 /* MainViewController.mm */,
				34FF9C861931CFBF00D21507 /* QRCodeInterface.h */,
				34FF9C871931CFBF00D21507 /* QRCodeInterface.mm */,
				34FF9C881931CFBF00D21507 /* QRCodeInterfaceProtocol.h */,
				34FF9C891931CFBF00D21507 /* QuickLoginStateViewController.h */,
				34FF9C8A1931CFBF00D21507 /* QuickLoginStateViewController.m */,
				34FF9C8B1931CFBF00D21507 /* QuickLoginViewController.h */,
				34FF9C8C1931CFBF00D21507 /* QuickLoginViewController.m */,
			);
			path = view;
			sourceTree = "<group>";
		};
		34FF9C931931CFDC00D21507 /* libs */ = {
			isa = PBXGroup;
			children = (
				34A8442E193074F2001B2F6D /* Common */,
			);
			name = libs;
			sourceTree = "<group>";
		};
		34FF9C941931CFFB00D21507 /* model */ = {
			isa = PBXGroup;
			children = (
			);
			name = model;
			sourceTree = "<group>";
		};
		C71B3B4E1926F2D9004A5B86 = {
			isa = PBXGroup;
			children = (
				C71B3B601926F2D9004A5B86 /* butterfly */,
				C71B3B791926F2D9004A5B86 /* butterflyTests */,
				C71B3B591926F2D9004A5B86 /* Frameworks */,
				C71B3B581926F2D9004A5B86 /* Products */,
			);
			sourceTree = "<group>";
		};
		C71B3B581926F2D9004A5B86 /* Products */ = {
			isa = PBXGroup;
			children = (
				C71B3B571926F2D9004A5B86 /* butterfly.app */,
				C71B3B721926F2D9004A5B86 /* butterflyTests.xctest */,
			);
			name = Products;
			sourceTree = "<group>";
		};
		C71B3B591926F2D9004A5B86 /* Frameworks */ = {
			isa = PBXGroup;
			children = (
				34A82C51192B70B3001B2F6D /* AudioToolbox.framework */,
				34A83534192B72C2001B2F6D /* AVFoundation.framework */,
				34A82C53192B70D2001B2F6D /* CFNetwork.framework */,
				C71B3B5C1926F2D9004A5B86 /* CoreGraphics.framework */,
				34A82C4F192B7076001B2F6D /* CoreMedia.framework */,
				34A822D51928E58A001B2F6D /* CoreTelephony.framework */,
				34A82C55192B7112001B2F6D /* CoreVideo.framework */,
				C71B3B5A1926F2D9004A5B86 /* Foundation.framework */,
				34A82C59192B714E001B2F6D /* libiconv.dylib */,
				34A82C5B192B715B001B2F6D /* libz.dylib */,
				34A82C57192B7126001B2F6D /* MobileCoreServices.framework */,
				34A822D31928E578001B2F6D /* Security.framework */,
				34A822D71928E5A3001B2F6D /* SystemConfiguration.framework */,
				C71B3B5E1926F2D9004A5B86 /* UIKit.framework */,
				34A822D91928E64E001B2F6D /* WTLoginSDK.framework */,
				34A83551192B7614001B2F6D /* ZXingWidget.xcodeproj */,
			);
			name = Frameworks;
			sourceTree = "<group>";
		};
		C71B3B601926F2D9004A5B86 /* butterfly */ = {
			isa = PBXGroup;
			children = (
				C71B3B691926F2D9004A5B86 /* AppDelegate.h */,
				C71B3B6A1926F2D9004A5B86 /* AppDelegate.m */,
				C71B3B8A1926FF6A004A5B86 /* controller */,
				C71B3B6C1926F2D9004A5B86 /* Images.xcassets */,
				34FF9C931931CFDC00D21507 /* libs */,
				34FF9C941931CFFB00D21507 /* model */,
				C7382E2D1927034200A6AD16 /* resource */,
				C71B3B611926F2D9004A5B86 /* Supporting Files */,
				34FF9C7F1931CFBF00D21507 /* view */,
			);
			path = butterfly;
			sourceTree = "<group>";
		};
		C71B3B611926F2D9004A5B86 /* Supporting Files */ = {
			isa = PBXGroup;
			children = (
				C71B3B621926F2D9004A5B86 /* butterfly-Info.plist */,
				C71B3B631926F2D9004A5B86 /* InfoPlist.strings */,
				C71B3B661926F2D9004A5B86 /* main.m */,
				C71B3B681926F2D9004A5B86 /* butterfly-Prefix.pch */,
			);
			name = "Supporting Files";
			sourceTree = "<group>";
		};
		C71B3B791926F2D9004A5B86 /* butterflyTests */ = {
			isa = PBXGroup;
			children = (
				C71B3B7F1926F2D9004A5B86 /* butterflyTests.m */,
				C71B3B7A1926F2D9004A5B86 /* Supporting Files */,
			);
			path = butterflyTests;
			sourceTree = "<group>";
		};
		C71B3B7A1926F2D9004A5B86 /* Supporting Files */ = {
			isa = PBXGroup;
			children = (
				C71B3B7B1926F2D9004A5B86 /* butterflyTests-Info.plist */,
				C71B3B7C1926F2D9004A5B86 /* InfoPlist.strings */,
			);
			name = "Supporting Files";
			sourceTree = "<group>";
		};
		C71B3B8A1926FF6A004A5B86 /* controller */ = {
			isa = PBXGroup;
			children = (
				C71B3B8B1926FF7A004A5B86 /* HomeViewController.h */,
				C71B3B8C1926FF7A004A5B86 /* HomeViewController.m */,
				34A822CF1928C6FC001B2F6D /* UCViewController.h */,
				34A822D01928C6FC001B2F6D /* UCViewController.m */,
				34A843AD192B8383001B2F6D /* CodeViewController.h */,
				34A843AE192B8383001B2F6D /* CodeViewController.m */,
			);
			path = controller;
			sourceTree = "<group>";
		};
		C7382E2D1927034200A6AD16 /* resource */ = {
			isa = PBXGroup;
			children = (
				34A8443D19308203001B2F6D /* LoginViewContrller */,
				34A844161930741A001B2F6D /* Logic */,
				34A843F2192DC03C001B2F6D /* ZBarSDK */,
				C7382E5619276B6000A6AD16 /* tabbar_bg.png */,
				C7382E5719276B6000A6AD16 /* tabbar_bg@2x.png */,
				C7382E4619276B5300A6AD16 /* map_gray.png */,
				C7382E4719276B5300A6AD16 /* map_gray@2x.png */,
				C7382E4819276B5300A6AD16 /* me_gray.png */,
				C7382E4919276B5300A6AD16 /* me_gray@2x.png */,
				C7382E4A19276B5300A6AD16 /* msg_gray.png */,
				C7382E4B19276B5300A6AD16 /* msg_gray@2x.png */,
				C7382E4C19276B5300A6AD16 /* pen_gray.png */,
				C7382E4D19276B5300A6AD16 /* pen_gray@2x.png */,
				C7382E34192761E400A6AD16 /* tabbar_bg.png */,
				C7382E36192768E600A6AD16 /* map.png */,
				C7382E37192768E600A6AD16 /* map@2x.png */,
				C7382E38192768E600A6AD16 /* me.png */,
				C7382E39192768E600A6AD16 /* me@2x.png */,
				C7382E3A192768E600A6AD16 /* msg.png */,
				C7382E3B192768E600A6AD16 /* msg@2x.png */,
				C7382E3C192768E600A6AD16 /* pen.png */,
				C7382E3D192768E600A6AD16 /* pen@2x.png */,
				C7382E321927551200A6AD16 /* tab_bar.json */,
			);
			path = resource;
			sourceTree = "<group>";
		};
/* End PBXGroup section */

/* Begin PBXNativeTarget section */
		C71B3B561926F2D9004A5B86 /* butterfly */ = {
			isa = PBXNativeTarget;
			buildConfigurationList = C71B3B831926F2D9004A5B86 /* Build configuration list for PBXNativeTarget "butterfly" */;
			buildPhases = (
				C71B3B531926F2D9004A5B86 /* Sources */,
				C71B3B541926F2D9004A5B86 /* Frameworks */,
				C71B3B551926F2D9004A5B86 /* Resources */,
			);
			buildRules = (
			);
			dependencies = (
				34A8443A1930796F001B2F6D /* PBXTargetDependency */,
			);
			name = butterfly;
			productName = butterfly;
			productReference = C71B3B571926F2D9004A5B86 /* butterfly.app */;
			productType = "com.apple.product-type.application";
		};
		C71B3B711926F2D9004A5B86 /* butterflyTests */ = {
			isa = PBXNativeTarget;
			buildConfigurationList = C71B3B861926F2D9004A5B86 /* Build configuration list for PBXNativeTarget "butterflyTests" */;
			buildPhases = (
				C71B3B6E1926F2D9004A5B86 /* Sources */,
				C71B3B6F1926F2D9004A5B86 /* Frameworks */,
				C71B3B701926F2D9004A5B86 /* Resources */,
			);
			buildRules = (
			);
			dependencies = (
				C71B3B781926F2D9004A5B86 /* PBXTargetDependency */,
			);
			name = butterflyTests;
			productName = butterflyTests;
			productReference = C71B3B721926F2D9004A5B86 /* butterflyTests.xctest */;
			productType = "com.apple.product-type.bundle.unit-test";
		};
/* End PBXNativeTarget section */

/* Begin PBXProject section */
		C71B3B4F1926F2D9004A5B86 /* Project object */ = {
			isa = PBXProject;
			attributes = {
				LastUpgradeCheck = 0510;
				ORGANIZATIONNAME = jeakeyliang;
				TargetAttributes = {
					C71B3B711926F2D9004A5B86 = {
						TestTargetID = C71B3B561926F2D9004A5B86;
					};
				};
			};
			buildConfigurationList = C71B3B521926F2D9004A5B86 /* Build configuration list for PBXProject "butterfly" */;
			compatibilityVersion = "Xcode 3.2";
			developmentRegion = English;
			hasScannedForEncodings = 0;
			knownRegions = (
				en,
				de,
				fr,
				sv,
			);
			mainGroup = C71B3B4E1926F2D9004A5B86;
			productRefGroup = C71B3B581926F2D9004A5B86 /* Products */;
			projectDirPath = "";
			projectReferences = (
				{
					ProductGroup = 34A83552192B7614001B2F6D /* Products */;
					ProjectRef = 34A83551192B7614001B2F6D /* ZXingWidget.xcodeproj */;
				},
			);
			projectRoot = "";
			targets = (
				C71B3B561926F2D9004A5B86 /* butterfly */,
				C71B3B711926F2D9004A5B86 /* butterflyTests */,
			);
		};
/* End PBXProject section */

/* Begin PBXReferenceProxy section */
		34A83557192B7614001B2F6D /* libZXingWidget.a */ = {
			isa = PBXReferenceProxy;
			fileType = archive.ar;
			path = libZXingWidget.a;
			remoteRef = 34A83556192B7614001B2F6D /* PBXContainerItemProxy */;
			sourceTree = BUILT_PRODUCTS_DIR;
		};
		34A83559192B7614001B2F6D /* ZXingTests.octest */ = {
			isa = PBXReferenceProxy;
			fileType = wrapper.cfbundle;
			path = ZXingTests.octest;
			remoteRef = 34A83558192B7614001B2F6D /* PBXContainerItemProxy */;
			sourceTree = BUILT_PRODUCTS_DIR;
		};
/* End PBXReferenceProxy section */

/* Begin PBXResourcesBuildPhase section */
		C71B3B551926F2D9004A5B86 /* Resources */ = {
			isa = PBXResourcesBuildPhase;
			buildActionMask = 2147483647;
			files = (
				C7382E5419276B5300A6AD16 /* pen_gray.png in Resources */,
				34A8444619308203001B2F6D /* main_bg.png in Resources */,
				C7382E4E19276B5300A6AD16 /* map_gray.png in Resources */,
				34A84414192DC03C001B2F6D /* zbar-samples.png in Resources */,
				C7382E331927551200A6AD16 /* tab_bar.json in Resources */,
				C7382E4F19276B5300A6AD16 /* map_gray@2x.png in Resources */,
				C7382E5019276B5300A6AD16 /* me_gray.png in Resources */,
				C7382E35192761E400A6AD16 /* tabbar_bg.png in Resources */,
				34A8444519308203001B2F6D /* login_text_field.png in Resources */,
				C7382E44192768E600A6AD16 /* pen.png in Resources */,
				C7382E43192768E600A6AD16 /* msg@2x.png in Resources */,
				C71B3B651926F2D9004A5B86 /* InfoPlist.strings in Resources */,
				C7382E40192768E600A6AD16 /* me.png in Resources */,
				C7382E41192768E600A6AD16 /* me@2x.png in Resources */,
				C7382E5219276B5300A6AD16 /* msg_gray.png in Resources */,
				C7382E3E192768E600A6AD16 /* map.png in Resources */,
				C7382E5519276B5300A6AD16 /* pen_gray@2x.png in Resources */,
				C7382E3F192768E600A6AD16 /* map@2x.png in Resources */,
				34A84413192DC03C001B2F6D /* zbar-helpicons.png in Resources */,
				C7382E5919276B6000A6AD16 /* tabbar_bg@2x.png in Resources */,
				34A84411192DC03C001B2F6D /* zbar-back.png in Resources */,
				C7382E5819276B6000A6AD16 /* tabbar_bg.png in Resources */,
				C71B3B6D1926F2D9004A5B86 /* Images.xcassets in Resources */,
				34A8444419308203001B2F6D /* button_bg_gr.png in Resources */,
				C7382E45192768E600A6AD16 /* pen@2x.png in Resources */,
				C7382E42192768E600A6AD16 /* msg.png in Resources */,
				C7382E5119276B5300A6AD16 /* me_gray@2x.png in Resources */,
				34A84412192DC03C001B2F6D /* zbar-help.html in Resources */,
				34A8444819308203001B2F6D /* register_button.png in Resources */,
				34A8444719308203001B2F6D /* qqpwd_input.png in Resources */,
				34A8444919308203001B2F6D /* title.png in Resources */,
				C7382E5319276B5300A6AD16 /* msg_gray@2x.png in Resources */,
			);
			runOnlyForDeploymentPostprocessing = 0;
		};
		C71B3B701926F2D9004A5B86 /* Resources */ = {
			isa = PBXResourcesBuildPhase;
			buildActionMask = 2147483647;
			files = (
				C71B3B7E1926F2D9004A5B86 /* InfoPlist.strings in Resources */,
			);
			runOnlyForDeploymentPostprocessing = 0;
		};
/* End PBXResourcesBuildPhase section */

/* Begin PBXSourcesBuildPhase section */
		C71B3B531926F2D9004A5B86 /* Sources */ = {
			isa = PBXSourcesBuildPhase;
			buildActionMask = 2147483647;
			files = (
				34FF9C921931CFBF00D21507 /* QuickLoginViewController.m in Sources */,
				34FF9C8F1931CFBF00D21507 /* MainViewController.mm in Sources */,
				34A822D11928C6FC001B2F6D /* UCViewController.m in Sources */,
				34FF9C8D1931CFBF00D21507 /* CaptchaViewController.m in Sources */,
				34A844191930741A001B2F6D /* LoginService.m in Sources */,
				C71B3B6B1926F2D9004A5B86 /* AppDelegate.m in Sources */,
				34FF9C901931CFBF00D21507 /* QRCodeInterface.mm in Sources */,
				34FF9C8E1931CFBF00D21507 /* LoginViewController.m in Sources */,
				34A843AF192B8383001B2F6D /* CodeViewController.m in Sources */,
				34A84436193074F2001B2F6D /* AsyncImageView.m in Sources */,
				34A84437193074F2001B2F6D /* LoggerClient.m in Sources */,
				C71B3B671926F2D9004A5B86 /* main.m in Sources */,
				34FF9C911931CFBF00D21507 /* QuickLoginStateViewController.m in Sources */,
				C71B3B8D1926FF7A004A5B86 /* HomeViewController.m in Sources */,
			);
			runOnlyForDeploymentPostprocessing = 0;
		};
		C71B3B6E1926F2D9004A5B86 /* Sources */ = {
			isa = PBXSourcesBuildPhase;
			buildActionMask = 2147483647;
			files = (
				C71B3B801926F2D9004A5B86 /* butterflyTests.m in Sources */,
			);
			runOnlyForDeploymentPostprocessing = 0;
		};
/* End PBXSourcesBuildPhase section */

/* Begin PBXTargetDependency section */
		34A8443A1930796F001B2F6D /* PBXTargetDependency */ = {
			isa = PBXTargetDependency;
			name = ZXingWidget;
			targetProxy = 34A844391930796F001B2F6D /* PBXContainerItemProxy */;
		};
		C71B3B781926F2D9004A5B86 /* PBXTargetDependency */ = {
			isa = PBXTargetDependency;
			target = C71B3B561926F2D9004A5B86 /* butterfly */;
			targetProxy = C71B3B771926F2D9004A5B86 /* PBXContainerItemProxy */;
		};
/* End PBXTargetDependency section */

/* Begin PBXVariantGroup section */
		C71B3B631926F2D9004A5B86 /* InfoPlist.strings */ = {
			isa = PBXVariantGroup;
			children = (
				C71B3B641926F2D9004A5B86 /* en */,
			);
			name = InfoPlist.strings;
			sourceTree = "<group>";
		};
		C71B3B7C1926F2D9004A5B86 /* InfoPlist.strings */ = {
			isa = PBXVariantGroup;
			children = (
				C71B3B7D1926F2D9004A5B86 /* en */,
			);
			name = InfoPlist.strings;
			sourceTree = "<group>";
		};
/* End PBXVariantGroup section */

/* Begin XCBuildConfiguration section */
		C71B3B811926F2D9004A5B86 /* Debug */ = {
			isa = XCBuildConfiguration;
			buildSettings = {
				ALWAYS_SEARCH_USER_PATHS = NO;
				CLANG_CXX_LANGUAGE_STANDARD = "gnu++0x";
				CLANG_CXX_LIBRARY = "libc++";
				CLANG_ENABLE_MODULES = YES;
				CLANG_ENABLE_OBJC_ARC = YES;
				CLANG_WARN_BOOL_CONVERSION = YES;
				CLANG_WARN_CONSTANT_CONVERSION = YES;
				CLANG_WARN_DIRECT_OBJC_ISA_USAGE = YES_ERROR;
				CLANG_WARN_EMPTY_BODY = YES;
				CLANG_WARN_ENUM_CONVERSION = YES;
				CLANG_WARN_INT_CONVERSION = YES;
				CLANG_WARN_OBJC_ROOT_CLASS = YES_ERROR;
				CLANG_WARN__DUPLICATE_METHOD_MATCH = YES;
				"CODE_SIGN_IDENTITY[sdk=iphoneos*]" = "iPhone Developer";
				COPY_PHASE_STRIP = NO;
				GCC_C_LANGUAGE_STANDARD = gnu99;
				GCC_DYNAMIC_NO_PIC = NO;
				GCC_OPTIMIZATION_LEVEL = 0;
				GCC_PREPROCESSOR_DEFINITIONS = (
					"DEBUG=1",
					"$(inherited)",
				);
				GCC_SYMBOLS_PRIVATE_EXTERN = NO;
				GCC_WARN_64_TO_32_BIT_CONVERSION = YES;
				GCC_WARN_ABOUT_RETURN_TYPE = YES_ERROR;
				GCC_WARN_UNDECLARED_SELECTOR = YES;
				GCC_WARN_UNINITIALIZED_AUTOS = YES_AGGRESSIVE;
				GCC_WARN_UNUSED_FUNCTION = YES;
				GCC_WARN_UNUSED_VARIABLE = YES;
				IPHONEOS_DEPLOYMENT_TARGET = 7.1;
				ONLY_ACTIVE_ARCH = YES;
				SDKROOT = iphoneos;
			};
			name = Debug;
		};
		C71B3B821926F2D9004A5B86 /* Release */ = {
			isa = XCBuildConfiguration;
			buildSettings = {
				ALWAYS_SEARCH_USER_PATHS = NO;
				CLANG_CXX_LANGUAGE_STANDARD = "gnu++0x";
				CLANG_CXX_LIBRARY = "libc++";
				CLANG_ENABLE_MODULES = YES;
				CLANG_ENABLE_OBJC_ARC = YES;
				CLANG_WARN_BOOL_CONVERSION = YES;
				CLANG_WARN_CONSTANT_CONVERSION = YES;
				CLANG_WARN_DIRECT_OBJC_ISA_USAGE = YES_ERROR;
				CLANG_WARN_EMPTY_BODY = YES;
				CLANG_WARN_ENUM_CONVERSION = YES;
				CLANG_WARN_INT_CONVERSION = YES;
				CLANG_WARN_OBJC_ROOT_CLASS = YES_ERROR;
				CLANG_WARN__DUPLICATE_METHOD_MATCH = YES;
				"CODE_SIGN_IDENTITY[sdk=iphoneos*]" = "iPhone Developer";
				COPY_PHASE_STRIP = YES;
				ENABLE_NS_ASSERTIONS = NO;
				GCC_C_LANGUAGE_STANDARD = gnu99;
				GCC_WARN_64_TO_32_BIT_CONVERSION = YES;
				GCC_WARN_ABOUT_RETURN_TYPE = YES_ERROR;
				GCC_WARN_UNDECLARED_SELECTOR = YES;
				GCC_WARN_UNINITIALIZED_AUTOS = YES_AGGRESSIVE;
				GCC_WARN_UNUSED_FUNCTION = YES;
				GCC_WARN_UNUSED_VARIABLE = YES;
				IPHONEOS_DEPLOYMENT_TARGET = 7.1;
				SDKROOT = iphoneos;
				VALIDATE_PRODUCT = YES;
			};
			name = Release;
		};
		C71B3B841926F2D9004A5B86 /* Debug */ = {
			isa = XCBuildConfiguration;
			buildSettings = {
				ASSETCATALOG_COMPILER_APPICON_NAME = AppIcon;
				ASSETCATALOG_COMPILER_LAUNCHIMAGE_NAME = LaunchImage;
				CLANG_CXX_LIBRARY = "libstdc++";
				CLANG_ENABLE_OBJC_ARC = NO;
				FRAMEWORK_SEARCH_PATHS = (
					"$(inherited)",
					"$(PROJECT_DIR)",
				);
				GCC_PRECOMPILE_PREFIX_HEADER = YES;
				GCC_PREFIX_HEADER = "butterfly/butterfly-Prefix.pch";
				HEADER_SEARCH_PATHS = (
					"$(PROJECT_DIR)/zxing-2.0/iphone/ZXingWidget/Classes/**",
					"$(PROJECT_DIR)/zxing-2.0/cpp/core/src",
				);
				INFOPLIST_FILE = "butterfly/butterfly-Info.plist";
				LIBRARY_SEARCH_PATHS = (
					"$(inherited)",
					"$(PROJECT_DIR)/ZBarSDK",
					"$(PROJECT_DIR)/butterfly/resource/ZBarSDK",
					"$(SRCROOT)",
				);
				ONLY_ACTIVE_ARCH = NO;
				PRODUCT_NAME = "$(TARGET_NAME)";
				VALID_ARCHS = "armv7 armv7s";
				WRAPPER_EXTENSION = app;
			};
			name = Debug;
		};
		C71B3B851926F2D9004A5B86 /* Release */ = {
			isa = XCBuildConfiguration;
			buildSettings = {
				ASSETCATALOG_COMPILER_APPICON_NAME = AppIcon;
				ASSETCATALOG_COMPILER_LAUNCHIMAGE_NAME = LaunchImage;
				CLANG_CXX_LIBRARY = "libstdc++";
				CLANG_ENABLE_OBJC_ARC = NO;
				FRAMEWORK_SEARCH_PATHS = (
					"$(inherited)",
					"$(PROJECT_DIR)",
				);
				GCC_PRECOMPILE_PREFIX_HEADER = YES;
				GCC_PREFIX_HEADER = "butterfly/butterfly-Prefix.pch";
				HEADER_SEARCH_PATHS = (
					"$(PROJECT_DIR)/zxing-2.0/iphone/ZXingWidget/Classes/**",
					"$(PROJECT_DIR)/zxing-2.0/cpp/core/src",
				);
				INFOPLIST_FILE = "butterfly/butterfly-Info.plist";
				LIBRARY_SEARCH_PATHS = (
					"$(inherited)",
					"$(PROJECT_DIR)/ZBarSDK",
					"$(PROJECT_DIR)/butterfly/resource/ZBarSDK",
					"$(SRCROOT)",
				);
				ONLY_ACTIVE_ARCH = NO;
				PRODUCT_NAME = "$(TARGET_NAME)";
				VALID_ARCHS = "armv7 armv7s";
				WRAPPER_EXTENSION = app;
			};
			name = Release;
		};
		C71B3B871926F2D9004A5B86 /* Debug */ = {
			isa = XCBuildConfiguration;
			buildSettings = {
				BUNDLE_LOADER = "$(BUILT_PRODUCTS_DIR)/butterfly.app/butterfly";
				FRAMEWORK_SEARCH_PATHS = (
					"$(SDKROOT)/Developer/Library/Frameworks",
					"$(inherited)",
					"$(DEVELOPER_FRAMEWORKS_DIR)",
				);
				GCC_PRECOMPILE_PREFIX_HEADER = YES;
				GCC_PREFIX_HEADER = "butterfly/butterfly-Prefix.pch";
				GCC_PREPROCESSOR_DEFINITIONS = (
					"DEBUG=1",
					"$(inherited)",
				);
				INFOPLIST_FILE = "butterflyTests/butterflyTests-Info.plist";
				PRODUCT_NAME = "$(TARGET_NAME)";
				TEST_HOST = "$(BUNDLE_LOADER)";
				WRAPPER_EXTENSION = xctest;
			};
			name = Debug;
		};
		C71B3B881926F2D9004A5B86 /* Release */ = {
			isa = XCBuildConfiguration;
			buildSettings = {
				BUNDLE_LOADER = "$(BUILT_PRODUCTS_DIR)/butterfly.app/butterfly";
				FRAMEWORK_SEARCH_PATHS = (
					"$(SDKROOT)/Developer/Library/Frameworks",
					"$(inherited)",
					"$(DEVELOPER_FRAMEWORKS_DIR)",
				);
				GCC_PRECOMPILE_PREFIX_HEADER = YES;
				GCC_PREFIX_HEADER = "butterfly/butterfly-Prefix.pch";
				INFOPLIST_FILE = "butterflyTests/butterflyTests-Info.plist";
				PRODUCT_NAME = "$(TARGET_NAME)";
				TEST_HOST = "$(BUNDLE_LOADER)";
				WRAPPER_EXTENSION = xctest;
			};
			name = Release;
		};
/* End XCBuildConfiguration section */

/* Begin XCConfigurationList section */
		C71B3B521926F2D9004A5B86 /* Build configuration list for PBXProject "butterfly" */ = {
			isa = XCConfigurationList;
			buildConfigurations = (
				C71B3B811926F2D9004A5B86 /* Debug */,
				C71B3B821926F2D9004A5B86 /* Release */,
			);
			defaultConfigurationIsVisible = 0;
			defaultConfigurationName = Release;
		};
		C71B3B831926F2D9004A5B86 /* Build configuration list for PBXNativeTarget "butterfly" */ = {
			isa = XCConfigurationList;
			buildConfigurations = (
				C71B3B841926F2D9004A5B86 /* Debug */,
				C71B3B851926F2D9004A5B86 /* Release */,
			);
			defaultConfigurationIsVisible = 0;
			defaultConfigurationName = Release;
		};
		C71B3B861926F2D9004A5B86 /* Build configuration list for PBXNativeTarget "butterflyTests" */ = {
			isa = XCConfigurationList;
			buildConfigurations = (
				C71B3B871926F2D9004A5B86 /* Debug */,
				C71B3B881926F2D9004A5B86 /* Release */,
			);
			defaultConfigurationIsVisible = 0;
			defaultConfigurationName = Release;
		};
/* End XCConfigurationList section */
	};
	rootObject = C71B3B4F1926F2D9004A5B86 /* Project object */;
}
